
Microsoft Visual Studio Solution File, Format Version 12.00
# Visual Studio Version 16
VisualStudioVersion = 16.0.31205.134
MinimumVisualStudioVersion = 10.0.40219.1
Project("{9A19103F-16F7-4668-BE54-9A1E7A4F7556}") = "BHFudbal", "BHFudbal\BHFudbal.csproj", "{AE1131AD-D7B1-4046-AAD3-78183E448E6D}"
EndProject
Project("{9A19103F-16F7-4668-BE54-9A1E7A4F7556}") = "BHFudbal.Model", "BHFudbal.Model\BHFudbal.Model.csproj", "{76F6A8C3-9F49-4D3D-A760-EC5528AF8447}"
EndProject
Project("{2150E333-8FDC-42A3-9474-1A3956D46DE8}") = "UI", "UI", "{04210D88-D8B5-4226-8EB7-7AC136FCA683}"
EndProject
Project("{FAE04EC0-301F-11D3-BF4B-00C04F79EFBC}") = "BHFudbal.WinUI", "BHFudbal.WinUI\BHFudbal.WinUI.csproj", "{843F831A-D5E1-4F28-BC06-16A6F196C8FF}"
EndProject
Global
	GlobalSection(SolutionConfigurationPlatforms) = preSolution
		Debug|Any CPU = Debug|Any CPU
		Release|Any CPU = Release|Any CPU
	EndGlobalSection
	GlobalSection(ProjectConfigurationPlatforms) = postSolution
		{AE1131AD-D7B1-4046-AAD3-78183E448E6D}.Debug|Any CPU.ActiveCfg = Debug|Any CPU
		{AE1131AD-D7B1-4046-AAD3-78183E448E6D}.Debug|Any CPU.Build.0 = Debug|Any CPU
		{AE1131AD-D7B1-4046-AAD3-78183E448E6D}.Release|Any CPU.ActiveCfg = Release|Any CPU
		{AE1131AD-D7B1-4046-AAD3-78183E448E6D}.Release|Any CPU.Build.0 = Release|Any CPU
		{76F6A8C3-9F49-4D3D-A760-EC5528AF8447}.Debug|Any CPU.ActiveCfg = Debug|Any CPU
		{76F6A8C3-9F49-4D3D-A760-EC5528AF8447}.Debug|Any CPU.Build.0 = Debug|Any CPU
		{76F6A8C3-9F49-4D3D-A760-EC5528AF8447}.Release|Any CPU.ActiveCfg = Release|Any CPU
		{76F6A8C3-9F49-4D3D-A760-EC5528AF8447}.Release|Any CPU.Build.0 = Release|Any CPU
		{843F831A-D5E1-4F28-BC06-16A6F196C8FF}.Debug|Any CPU.ActiveCfg = Debug|Any CPU
		{843F831A-D5E1-4F28-BC06-16A6F196C8FF}.Debug|Any CPU.Build.0 = Debug|Any CPU
		{843F831A-D5E1-4F28-BC06-16A6F196C8FF}.Release|Any CPU.ActiveCfg = Release|Any CPU
		{843F831A-D5E1-4F28-BC06-16A6F196C8FF}.Release|Any CPU.Build.0 = Release|Any CPU
	EndGlobalSection
	GlobalSection(SolutionProperties) = preSolution
		HideSolutionNode = FALSE
	EndGlobalSection
	GlobalSection(NestedProjects) = preSolution
		{843F831A-D5E1-4F28-BC06-16A6F196C8FF} = {04210D88-D8B5-4226-8EB7-7AC136FCA683}
	EndGlobalSection
	GlobalSection(ExtensibilityGlobals) = postSolution
		SolutionGuid = {8E7751B1-A210-4D93-8532-08975B369AF8}
	EndGlobalSection
EndGlobal
